lockfileVersion: '9.0'

settings:
  autoInstallPeers: true
  excludeLinksFromLockfile: false

importers:

  .:
    dependencies:
      fast-xml-parser:
        specifier: ^5.0.9
        version: 5.0.9
      libarchive-wasm:
        specifier: ^1.2.0
        version: 1.2.0

packages:

  fast-xml-parser@5.0.9:
    resolution: {integrity: sha512-2mBwCiuW3ycKQQ6SOesSB8WeF+fIGb6I/GG5vU5/XEptwFFhp9PE8b9O7fbs2dpq9fXn4ULR3UsfydNUCntf5A==}
    hasBin: true

  libarchive-wasm@1.2.0:
    resolution: {integrity: sha512-aunFn8oL9VwGRj+brRvdOv8BRUD4Ea1WxJW45IdiuXE2Vp/m/X+M1UxSU+yPzXfc1mPPC8AARaflg/CtF11u8g==}

  strnum@2.0.5:
    resolution: {integrity: sha512-YAT3K/sgpCUxhxNMrrdhtod3jckkpYwH6JAuwmUdXZsmzH1wUyzTMrrK2wYCEEqlKwrWDd35NeuUkbBy/1iK+Q==}

snapshots:

  fast-xml-parser@5.0.9:
    dependencies:
      strnum: 2.0.5

  libarchive-wasm@1.2.0: {}

  strnum@2.0.5: {}
